
Microsoft Visual Studio Solution File, Format Version 12.00
# Visual Studio Version 16
VisualStudioVersion = 16.0.31911.196
MinimumVisualStudioVersion = 10.0.40219.1
Project("{9A19103F-16F7-4668-BE54-9A1E7A4F7556}") = "AlfaThermTaskApp.DatabaseModels", "DatabaseModels\AlfaThermTaskApp.DatabaseModels.csproj", "{B5C0A26E-2BCC-456B-8605-9B6CDE198769}"
EndProject
Project("{9A19103F-16F7-4668-BE54-9A1E7A4F7556}") = "AlfaThermTaskApp.DataAccess", "DataAccess\AlfaThermTaskApp.DataAccess.csproj", "{8EE83EA8-FADC-45A7-9243-52EA2FDC550D}"
EndProject
Project("{9A19103F-16F7-4668-BE54-9A1E7A4F7556}") = "AlfaThermTaskApp.App", "AlfaThermTaskApp.App\AlfaThermTaskApp.App.csproj", "{F1C9758B-E327-4FDC-8CC7-9CEA63DA0B38}"
EndProject
Global
	GlobalSection(SolutionConfigurationPlatforms) = preSolution
		Debug|Any CPU = Debug|Any CPU
		Release|Any CPU = Release|Any CPU
	EndGlobalSection
	GlobalSection(ProjectConfigurationPlatforms) = postSolution
		{B5C0A26E-2BCC-456B-8605-9B6CDE198769}.Debug|Any CPU.ActiveCfg = Debug|Any CPU
		{B5C0A26E-2BCC-456B-8605-9B6CDE198769}.Debug|Any CPU.Build.0 = Debug|Any CPU
		{B5C0A26E-2BCC-456B-8605-9B6CDE198769}.Release|Any CPU.ActiveCfg = Release|Any CPU
		{B5C0A26E-2BCC-456B-8605-9B6CDE198769}.Release|Any CPU.Build.0 = Release|Any CPU
		{8EE83EA8-FADC-45A7-9243-52EA2FDC550D}.Debug|Any CPU.ActiveCfg = Debug|Any CPU
		{8EE83EA8-FADC-45A7-9243-52EA2FDC550D}.Debug|Any CPU.Build.0 = Debug|Any CPU
		{8EE83EA8-FADC-45A7-9243-52EA2FDC550D}.Release|Any CPU.ActiveCfg = Release|Any CPU
		{8EE83EA8-FADC-45A7-9243-52EA2FDC550D}.Release|Any CPU.Build.0 = Release|Any CPU
		{F1C9758B-E327-4FDC-8CC7-9CEA63DA0B38}.Debug|Any CPU.ActiveCfg = Debug|Any CPU
		{F1C9758B-E327-4FDC-8CC7-9CEA63DA0B38}.Debug|Any CPU.Build.0 = Debug|Any CPU
		{F1C9758B-E327-4FDC-8CC7-9CEA63DA0B38}.Release|Any CPU.ActiveCfg = Release|Any CPU
		{F1C9758B-E327-4FDC-8CC7-9CEA63DA0B38}.Release|Any CPU.Build.0 = Release|Any CPU
	EndGlobalSection
	GlobalSection(SolutionProperties) = preSolution
		HideSolutionNode = FALSE
	EndGlobalSection
	GlobalSection(ExtensibilityGlobals) = postSolution
		SolutionGuid = {B64224C7-B878-4B2A-9526-59F380BFDBA8}
	EndGlobalSection
EndGlobal
